
Microsoft Visual Studio Solution File, Format Version 12.00
# Visual Studio Version 17
VisualStudioVersion = 17.3.32922.545
MinimumVisualStudioVersion = 10.0.40219.1
Project("{FAE04EC0-301F-11D3-BF4B-00C04F79EFBC}") = "Task 2", "Task 2\Task 2.csproj", "{30281786-89C4-4F01-BA89-06775C01237F}"
EndProject
Global
	GlobalSection(SolutionConfigurationPlatforms) = preSolution
		Debug|Any CPU = Debug|Any CPU
		Release|Any CPU = Release|Any CPU
	EndGlobalSection
	GlobalSection(ProjectConfigurationPlatforms) = postSolution
		{30281786-89C4-4F01-BA89-06775C01237F}.Debug|Any CPU.ActiveCfg = Debug|Any CPU
		{30281786-89C4-4F01-BA89-06775C01237F}.Debug|Any CPU.Build.0 = Debug|Any CPU
		{30281786-89C4-4F01-BA89-06775C01237F}.Release|Any CPU.ActiveCfg = Release|Any CPU
		{30281786-89C4-4F01-BA89-06775C01237F}.Release|Any CPU.Build.0 = Release|Any CPU
	EndGlobalSection
	GlobalSection(SolutionProperties) = preSolution
		HideSolutionNode = FALSE
	EndGlobalSection
	GlobalSection(ExtensibilityGlobals) = postSolution
		SolutionGuid = {BFEB21F2-ED78-42BD-8C00-84078FC4F8F2}
	EndGlobalSection
EndGlobal
